
Microsoft Visual Studio Solution File, Format Version 12.00
# Visual Studio Version 16
VisualStudioVersion = 16.0.31515.178
MinimumVisualStudioVersion = 10.0.40219.1
Project("{FAE04EC0-301F-11D3-BF4B-00C04F79EFBC}") = "02Conceitos", "02Conceitos\02Conceitos.csproj", "{D93B2AFD-A5D2-435D-8893-D9D410DC02F7}"
EndProject
Global
	GlobalSection(SolutionConfigurationPlatforms) = preSolution
		Debug|Any CPU = Debug|Any CPU
		Release|Any CPU = Release|Any CPU
	EndGlobalSection
	GlobalSection(ProjectConfigurationPlatforms) = postSolution
		{D93B2AFD-A5D2-435D-8893-D9D410DC02F7}.Debug|Any CPU.ActiveCfg = Debug|Any CPU
		{D93B2AFD-A5D2-435D-8893-D9D410DC02F7}.Debug|Any CPU.Build.0 = Debug|Any CPU
		{D93B2AFD-A5D2-435D-8893-D9D410DC02F7}.Release|Any CPU.ActiveCfg = Release|Any CPU
		{D93B2AFD-A5D2-435D-8893-D9D410DC02F7}.Release|Any CPU.Build.0 = Release|Any CPU
	EndGlobalSection
	GlobalSection(SolutionProperties) = preSolution
		HideSolutionNode = FALSE
	EndGlobalSection
	GlobalSection(ExtensibilityGlobals) = postSolution
		SolutionGuid = {CB620508-607F-4995-80C5-1149AD7951E7}
	EndGlobalSection
EndGlobal
